
Microsoft Visual Studio Solution File, Format Version 12.00
# Visual Studio Version 17
VisualStudioVersion = 17.6.33829.357
MinimumVisualStudioVersion = 10.0.40219.1
Project("{9A19103F-16F7-4668-BE54-9A1E7A4F7556}") = "BusinessLayer", "BusinessLayer\BusinessLayer.csproj", "{24677848-2E71-4261-84F5-73CDC32A6F6C}"
EndProject
Project("{9A19103F-16F7-4668-BE54-9A1E7A4F7556}") = "DataAccessLayer", "DataAccessLayer\DataAccessLayer.csproj", "{F434EF85-11F6-4A9F-A661-DEF285EEA99A}"
EndProject
Project("{9A19103F-16F7-4668-BE54-9A1E7A4F7556}") = "PresentationLayer", "PresentationLayer\PresentationLayer.csproj", "{6083D489-3885-411E-900B-7BC8CD6E9F7A}"
EndProject
Project("{9A19103F-16F7-4668-BE54-9A1E7A4F7556}") = "UnitTests", "UnitTests\UnitTests.csproj", "{98C04428-A2A8-482A-B9DC-C0FDA36A9759}"
EndProject
Project("{FAE04EC0-301F-11D3-BF4B-00C04F79EFBC}") = "IntegrationTests", "IntegrationTests\IntegrationTests.csproj", "{4B72AB66-4CB0-41DC-BB3D-6F7939381953}"
EndProject
Global
	GlobalSection(SolutionConfigurationPlatforms) = preSolution
		Debug|Any CPU = Debug|Any CPU
		Release|Any CPU = Release|Any CPU
	EndGlobalSection
	GlobalSection(ProjectConfigurationPlatforms) = postSolution
		{24677848-2E71-4261-84F5-73CDC32A6F6C}.Debug|Any CPU.ActiveCfg = Debug|Any CPU
		{24677848-2E71-4261-84F5-73CDC32A6F6C}.Debug|Any CPU.Build.0 = Debug|Any CPU
		{24677848-2E71-4261-84F5-73CDC32A6F6C}.Release|Any CPU.ActiveCfg = Release|Any CPU
		{24677848-2E71-4261-84F5-73CDC32A6F6C}.Release|Any CPU.Build.0 = Release|Any CPU
		{F434EF85-11F6-4A9F-A661-DEF285EEA99A}.Debug|Any CPU.ActiveCfg = Debug|Any CPU
		{F434EF85-11F6-4A9F-A661-DEF285EEA99A}.Debug|Any CPU.Build.0 = Debug|Any CPU
		{F434EF85-11F6-4A9F-A661-DEF285EEA99A}.Release|Any CPU.ActiveCfg = Release|Any CPU
		{F434EF85-11F6-4A9F-A661-DEF285EEA99A}.Release|Any CPU.Build.0 = Release|Any CPU
		{6083D489-3885-411E-900B-7BC8CD6E9F7A}.Debug|Any CPU.ActiveCfg = Debug|Any CPU
		{6083D489-3885-411E-900B-7BC8CD6E9F7A}.Debug|Any CPU.Build.0 = Debug|Any CPU
		{6083D489-3885-411E-900B-7BC8CD6E9F7A}.Release|Any CPU.ActiveCfg = Release|Any CPU
		{6083D489-3885-411E-900B-7BC8CD6E9F7A}.Release|Any CPU.Build.0 = Release|Any CPU
		{98C04428-A2A8-482A-B9DC-C0FDA36A9759}.Debug|Any CPU.ActiveCfg = Debug|Any CPU
		{98C04428-A2A8-482A-B9DC-C0FDA36A9759}.Debug|Any CPU.Build.0 = Debug|Any CPU
		{98C04428-A2A8-482A-B9DC-C0FDA36A9759}.Release|Any CPU.ActiveCfg = Release|Any CPU
		{98C04428-A2A8-482A-B9DC-C0FDA36A9759}.Release|Any CPU.Build.0 = Release|Any CPU
		{4B72AB66-4CB0-41DC-BB3D-6F7939381953}.Debug|Any CPU.ActiveCfg = Debug|Any CPU
		{4B72AB66-4CB0-41DC-BB3D-6F7939381953}.Debug|Any CPU.Build.0 = Debug|Any CPU
		{4B72AB66-4CB0-41DC-BB3D-6F7939381953}.Release|Any CPU.ActiveCfg = Release|Any CPU
		{4B72AB66-4CB0-41DC-BB3D-6F7939381953}.Release|Any CPU.Build.0 = Release|Any CPU
	EndGlobalSection
	GlobalSection(SolutionProperties) = preSolution
		HideSolutionNode = FALSE
	EndGlobalSection
	GlobalSection(ExtensibilityGlobals) = postSolution
		SolutionGuid = {27BD2498-C704-4E1F-9009-9AF939D68509}
	EndGlobalSection
EndGlobal
